
Microsoft Visual Studio Solution File, Format Version 12.00
# Visual Studio Version 17
VisualStudioVersion = 17.5.33516.290
MinimumVisualStudioVersion = 10.0.40219.1
Project("{FAE04EC0-301F-11D3-BF4B-00C04F79EFBC}") = "IEFIGONZALEZACUÑA2.0", "IEFIGONZALEZACUÑA2.0\IEFIGONZALEZACUÑA2.0.csproj", "{BC44F47A-4A3A-4733-9913-29EA9ABC5124}"
EndProject
Global
	GlobalSection(SolutionConfigurationPlatforms) = preSolution
		Debug|Any CPU = Debug|Any CPU
		Release|Any CPU = Release|Any CPU
	EndGlobalSection
	GlobalSection(ProjectConfigurationPlatforms) = postSolution
		{BC44F47A-4A3A-4733-9913-29EA9ABC5124}.Debug|Any CPU.ActiveCfg = Debug|Any CPU
		{BC44F47A-4A3A-4733-9913-29EA9ABC5124}.Debug|Any CPU.Build.0 = Debug|Any CPU
		{BC44F47A-4A3A-4733-9913-29EA9ABC5124}.Release|Any CPU.ActiveCfg = Release|Any CPU
		{BC44F47A-4A3A-4733-9913-29EA9ABC5124}.Release|Any CPU.Build.0 = Release|Any CPU
	EndGlobalSection
	GlobalSection(SolutionProperties) = preSolution
		HideSolutionNode = FALSE
	EndGlobalSection
	GlobalSection(ExtensibilityGlobals) = postSolution
		SolutionGuid = {01FD7DD3-ADA3-4AA6-B4E0-7DAB096572A6}
	EndGlobalSection
EndGlobal
